// !$*UTF8*$!
{
	archiveVersion = 1;
	classes = {
	};
	objectVersion = 55;
	objects = {

/* Begin PBXBuildFile section */
		3FAD835727DFECAF002A7F79 /* JoshanRai_MoonshotApp.swift in Sources */ = {isa = PBXBuildFile; fileRef = 3FAD835627DFECAF002A7F79 /* JoshanRai_MoonshotApp.swift */; };
		3FAD835927DFECAF002A7F79 /* ContentView.swift in Sources */ = {isa = PBXBuildFile; fileRef = 3FAD835827DFECAF002A7F79 /* ContentView.swift */; };
		3FAD835B27DFECB0002A7F79 /* Assets.xcassets in Resources */ = {isa = PBXBuildFile; fileRef = 3FAD835A27DFECB0002A7F79 /* Assets.xcassets */; };
		3FAD835E27DFECB0002A7F79 /* Preview Assets.xcassets in Resources */ = {isa = PBXBuildFile; fileRef = 3FAD835D27DFECB0002A7F79 /* Preview Assets.xcassets */; };
		3FAD836627E01446002A7F79 /* missions.json in Resources */ = {isa = PBXBuildFile; fileRef = 3FAD836427E01446002A7F79 /* missions.json */; };
		3FAD836727E01446002A7F79 /* astronauts.json in Resources */ = {isa = PBXBuildFile; fileRef = 3FAD836527E01446002A7F79 /* astronauts.json */; };
		3FAD836927E016D3002A7F79 /* Astronaut.swift in Sources */ = {isa = PBXBuildFile; fileRef = 3FAD836827E016D3002A7F79 /* Astronaut.swift */; };
		3FAD836B27E01739002A7F79 /* BundleDecodable.swift in Sources */ = {isa = PBXBuildFile; fileRef = 3FAD836A27E01739002A7F79 /* BundleDecodable.swift */; };
		3FAD836D27E01944002A7F79 /* Mission.swift in Sources */ = {isa = PBXBuildFile; fileRef = 3FAD836C27E01944002A7F79 /* Mission.swift */; };
		3FAD836F27E02119002A7F79 /* ColorTheme.swift in Sources */ = {isa = PBXBuildFile; fileRef = 3FAD836E27E02119002A7F79 /* ColorTheme.swift */; };
		3FAD837127E02614002A7F79 /* MissionView.swift in Sources */ = {isa = PBXBuildFile; fileRef = 3FAD837027E02614002A7F79 /* MissionView.swift */; };
		3FAD837327E02C29002A7F79 /* AstronautView.swift in Sources */ = {isa = PBXBuildFile; fileRef = 3FAD837227E02C29002A7F79 /* AstronautView.swift */; };
		3FAD837527E03841002A7F79 /* GridLayoutView.swift in Sources */ = {isa = PBXBuildFile; fileRef = 3FAD837427E03841002A7F79 /* GridLayoutView.swift */; };
		3FAD837727E0384E002A7F79 /* ListLayoutView.swift in Sources */ = {isa = PBXBuildFile; fileRef = 3FAD837627E0384E002A7F79 /* ListLayoutView.swift */; };
		3FAD837F27E049CA002A7F79 /* RectangleDividerView.swift in Sources */ = {isa = PBXBuildFile; fileRef = 3FAD837E27E049CA002A7F79 /* RectangleDividerView.swift */; };
		3FAD838127E04A30002A7F79 /* HScrollView.swift in Sources */ = {isa = PBXBuildFile; fileRef = 3FAD838027E04A30002A7F79 /* HScrollView.swift */; };
/* End PBXBuildFile section */

/* Begin PBXFileReference section */
		3FAD835327DFECAF002A7F79 /* JoshanRai-Moonshot.app */ = {isa = PBXFileReference; explicitFileType = wrapper.application; includeInIndex = 0; path = "JoshanRai-Moonshot.app"; sourceTree = BUILT_PRODUCTS_DIR; };
		3FAD835627DFECAF002A7F79 /* JoshanRai_MoonshotApp.swift */ = {isa = PBXFileReference; lastKnownFileType = sourcecode.swift; path = JoshanRai_MoonshotApp.swift; sourceTree = "<group>"; };
		3FAD835827DFECAF002A7F79 /* ContentView.swift */ = {isa = PBXFileReference; lastKnownFileType = sourcecode.swift; path = ContentView.swift; sourceTree = "<group>"; };
		3FAD835A27DFECB0002A7F79 /* Assets.xcassets */ = {isa = PBXFileReference; lastKnownFileType = folder.assetcatalog; path = Assets.xcassets; sourceTree = "<group>"; };
		3FAD835D27DFECB0002A7F79 /* Preview Assets.xcassets */ = {isa = PBXFileReference; lastKnownFileType = folder.assetcatalog; path = "Preview Assets.xcassets"; sourceTree = "<group>"; };
		3FAD836427E01446002A7F79 /* missions.json */ = {isa = PBXFileReference; fileEncoding = 4; lastKnownFileType = text.json; path = missions.json; sourceTree = "<group>"; };
		3FAD836527E01446002A7F79 /* astronauts.json */ = {isa = PBXFileReference; fileEncoding = 4; lastKnownFileType = text.json; path = astronauts.json; sourceTree = "<group>"; };
		3FAD836827E016D3002A7F79 /* Astronaut.swift */ = {isa = PBXFileReference; lastKnownFileType = sourcecode.swift; path = Astronaut.swift; sourceTree = "<group>"; };
		3FAD836A27E01739002A7F79 /* BundleDecodable.swift */ = {isa = PBXFileReference; lastKnownFileType = sourcecode.swift; path = BundleDecodable.swift; sourceTree = "<group>"; };
		3FAD836C27E01944002A7F79 /* Mission.swift */ = {isa = PBXFileReference; lastKnownFileType = sourcecode.swift; path = Mission.swift; sourceTree = "<group>"; };
		3FAD836E27E02119002A7F79 /* ColorTheme.swift */ = {isa = PBXFileReference; lastKnownFileType = sourcecode.swift; path = ColorTheme.swift; sourceTree = "<group>"; };
		3FAD837027E02614002A7F79 /* MissionView.swift */ = {isa = PBXFileReference; lastKnownFileType = sourcecode.swift; path = MissionView.swift; sourceTree = "<group>"; };
		3FAD837227E02C29002A7F79 /* AstronautView.swift */ = {isa = PBXFileReference; lastKnownFileType = sourcecode.swift; path = AstronautView.swift; sourceTree = "<group>"; };
		3FAD837427E03841002A7F79 /* GridLayoutView.swift */ = {isa = PBXFileReference; lastKnownFileType = sourcecode.swift; path = GridLayoutView.swift; sourceTree = "<group>"; };
		3FAD837627E0384E002A7F79 /* ListLayoutView.swift */ = {isa = PBXFileReference; lastKnownFileType = sourcecode.swift; path = ListLayoutView.swift; sourceTree = "<group>"; };
		3FAD837E27E049CA002A7F79 /* RectangleDividerView.swift */ = {isa = PBXFileReference; lastKnownFileType = sourcecode.swift; path = RectangleDividerView.swift; sourceTree = "<group>"; };
		3FAD838027E04A30002A7F79 /* HScrollView.swift */ = {isa = PBXFileReference; lastKnownFileType = sourcecode.swift; path = HScrollView.swift; sourceTree = "<group>"; };
/* End PBXFileReference section */

/* Begin PBXFrameworksBuildPhase section */
		3FAD835027DFECAF002A7F79 /* Frameworks */ = {
			isa = PBXFrameworksBuildPhase;
			buildActionMask = 2147483647;
			files = (
			);
			runOnlyForDeploymentPostprocessing = 0;
		};
/* End PBXFrameworksBuildPhase section */

/* Begin PBXGroup section */
		3FAD834A27DFECAF002A7F79 = {
			isa = PBXGroup;
			children = (
				3FAD835527DFECAF002A7F79 /* JoshanRai-Moonshot */,
				3FAD835427DFECAF002A7F79 /* Products */,
			);
			sourceTree = "<group>";
		};
		3FAD835427DFECAF002A7F79 /* Products */ = {
			isa = PBXGroup;
			children = (
				3FAD835327DFECAF002A7F79 /* JoshanRai-Moonshot.app */,
			);
			name = Products;
			sourceTree = "<group>";
		};
		3FAD835527DFECAF002A7F79 /* JoshanRai-Moonshot */ = {
			isa = PBXGroup;
			children = (
				3FAD835627DFECAF002A7F79 /* JoshanRai_MoonshotApp.swift */,
				3FAD835827DFECAF002A7F79 /* ContentView.swift */,
				3FAD837427E03841002A7F79 /* GridLayoutView.swift */,
				3FAD837627E0384E002A7F79 /* ListLayoutView.swift */,
				3FAD837227E02C29002A7F79 /* AstronautView.swift */,
				3FAD836E27E02119002A7F79 /* ColorTheme.swift */,
				3FAD837027E02614002A7F79 /* MissionView.swift */,
				3FAD838027E04A30002A7F79 /* HScrollView.swift */,
				3FAD837E27E049CA002A7F79 /* RectangleDividerView.swift */,
				3FAD836C27E01944002A7F79 /* Mission.swift */,
				3FAD836827E016D3002A7F79 /* Astronaut.swift */,
				3FAD836A27E01739002A7F79 /* BundleDecodable.swift */,
				3FAD836527E01446002A7F79 /* astronauts.json */,
				3FAD836427E01446002A7F79 /* missions.json */,
				3FAD835A27DFECB0002A7F79 /* Assets.xcassets */,
				3FAD835C27DFECB0002A7F79 /* Preview Content */,
			);
			path = "JoshanRai-Moonshot";
			sourceTree = "<group>";
		};
		3FAD835C27DFECB0002A7F79 /* Preview Content */ = {
			isa = PBXGroup;
			children = (
				3FAD835D27DFECB0002A7F79 /* Preview Assets.xcassets */,
			);
			path = "Preview Content";
			sourceTree = "<group>";
		};
/* End PBXGroup section */

/* Begin PBXNativeTarget section */
		3FAD835227DFECAF002A7F79 /* JoshanRai-Moonshot */ = {
			isa = PBXNativeTarget;
			buildConfigurationList = 3FAD836127DFECB0002A7F79 /* Build configuration list for PBXNativeTarget "JoshanRai-Moonshot" */;
			buildPhases = (
				3FAD834F27DFECAF002A7F79 /* Sources */,
				3FAD835027DFECAF002A7F79 /* Frameworks */,
				3FAD835127DFECAF002A7F79 /* Resources */,
			);
			buildRules = (
			);
			dependencies = (
			);
			name = "JoshanRai-Moonshot";
			productName = "JoshanRai-Moonshot";
			productReference = 3FAD835327DFECAF002A7F79 /* JoshanRai-Moonshot.app */;
			productType = "com.apple.product-type.application";
		};
/* End PBXNativeTarget section */

/* Begin PBXProject section */
		3FAD834B27DFECAF002A7F79 /* Project object */ = {
			isa = PBXProject;
			attributes = {
				BuildIndependentTargetsInParallel = 1;
				LastSwiftUpdateCheck = 1320;
				LastUpgradeCheck = 1320;
				TargetAttributes = {
					3FAD835227DFECAF002A7F79 = {
						CreatedOnToolsVersion = 13.2.1;
					};
				};
			};
			buildConfigurationList = 3FAD834E27DFECAF002A7F79 /* Build configuration list for PBXProject "JoshanRai-Moonshot" */;
			compatibilityVersion = "Xcode 13.0";
			developmentRegion = en;
			hasScannedForEncodings = 0;
			knownRegions = (
				en,
				Base,
			);
			mainGroup = 3FAD834A27DFECAF002A7F79;
			productRefGroup = 3FAD835427DFECAF002A7F79 /* Products */;
			projectDirPath = "";
			projectRoot = "";
			targets = (
				3FAD835227DFECAF002A7F79 /* JoshanRai-Moonshot */,
			);
		};
/* End PBXProject section */

/* Begin PBXResourcesBuildPhase section */
		3FAD835127DFECAF002A7F79 /* Resources */ = {
			isa = PBXResourcesBuildPhase;
			buildActionMask = 2147483647;
			files = (
				3FAD835E27DFECB0002A7F79 /* Preview Assets.xcassets in Resources */,
				3FAD836627E01446002A7F79 /* missions.json in Resources */,
				3FAD835B27DFECB0002A7F79 /* Assets.xcassets in Resources */,
				3FAD836727E01446002A7F79 /* astronauts.json in Resources */,
			);
			runOnlyForDeploymentPostprocessing = 0;
		};
/* End PBXResourcesBuildPhase section */

/* Begin PBXSourcesBuildPhase section */
		3FAD834F27DFECAF002A7F79 /* Sources */ = {
			isa = PBXSourcesBuildPhase;
			buildActionMask = 2147483647;
			files = (
				3FAD837127E02614002A7F79 /* MissionView.swift in Sources */,
				3FAD836927E016D3002A7F79 /* Astronaut.swift in Sources */,
				3FAD837527E03841002A7F79 /* GridLayoutView.swift in Sources */,
				3FAD837327E02C29002A7F79 /* AstronautView.swift in Sources */,
				3FAD837727E0384E002A7F79 /* ListLayoutView.swift in Sources */,
				3FAD836B27E01739002A7F79 /* BundleDecodable.swift in Sources */,
				3FAD838127E04A30002A7F79 /* HScrollView.swift in Sources */,
				3FAD835927DFECAF002A7F79 /* ContentView.swift in Sources */,
				3FAD837F27E049CA002A7F79 /* RectangleDividerView.swift in Sources */,
				3FAD836F27E02119002A7F79 /* ColorTheme.swift in Sources */,
				3FAD836D27E01944002A7F79 /* Mission.swift in Sources */,
				3FAD835727DFECAF002A7F79 /* JoshanRai_MoonshotApp.swift in Sources */,
			);
			runOnlyForDeploymentPostprocessing = 0;
		};
/* End PBXSourcesBuildPhase section */

/* Begin XCBuildConfiguration section */
		3FAD835F27DFECB0002A7F79 /* Debug */ = {
			isa = XCBuildConfiguration;
			buildSettings = {
				ALWAYS_SEARCH_USER_PATHS = NO;
				CLANG_ANALYZER_NONNULL = YES;
				CLANG_ANALYZER_NUMBER_OBJECT_CONVERSION = YES_AGGRESSIVE;
				CLANG_CXX_LANGUAGE_STANDARD = "gnu++17";
				CLANG_CXX_LIBRARY = "libc++";
				CLANG_ENABLE_MODULES = YES;
				CLANG_ENABLE_OBJC_ARC = YES;
				CLANG_ENABLE_OBJC_WEAK = YES;
				CLANG_WARN_BLOCK_CAPTURE_AUTORELEASING = YES;
				CLANG_WARN_BOOL_CONVERSION = YES;
				CLANG_WARN_COMMA = YES;
				CLANG_WARN_CONSTANT_CONVERSION = YES;
				CLANG_WARN_DEPRECATED_OBJC_IMPLEMENTATIONS = YES;
				CLANG_WARN_DIRECT_OBJC_ISA_USAGE = YES_ERROR;
				CLANG_WARN_DOCUMENTATION_COMMENTS = YES;
				CLANG_WARN_EMPTY_BODY = YES;
				CLANG_WARN_ENUM_CONVERSION = YES;
				CLANG_WARN_INFINITE_RECURSION = YES;
				CLANG_WARN_INT_CONVERSION = YES;
				CLANG_WARN_NON_LITERAL_NULL_CONVERSION = YES;
				CLANG_WARN_OBJC_IMPLICIT_RETAIN_SELF = YES;
				CLANG_WARN_OBJC_LITERAL_CONVERSION = YES;
				CLANG_WARN_OBJC_ROOT_CLASS = YES_ERROR;
				CLANG_WARN_QUOTED_INCLUDE_IN_FRAMEWORK_HEADER = YES;
				CLANG_WARN_RANGE_LOOP_ANALYSIS = YES;
				CLANG_WARN_STRICT_PROTOTYPES = YES;
				CLANG_WARN_SUSPICIOUS_MOVE = YES;
				CLANG_WARN_UNGUARDED_AVAILABILITY = YES_AGGRESSIVE;
				CLANG_WARN_UNREACHABLE_CODE = YES;
				CLANG_WARN__DUPLICATE_METHOD_MATCH = YES;
				COPY_PHASE_STRIP = NO;
				DEBUG_INFORMATION_FORMAT = dwarf;
				ENABLE_STRICT_OBJC_MSGSEND = YES;
				ENABLE_TESTABILITY = YES;
				GCC_C_LANGUAGE_STANDARD = gnu11;
				GCC_DYNAMIC_NO_PIC = NO;
				GCC_NO_COMMON_BLOCKS = YES;
				GCC_OPTIMIZATION_LEVEL = 0;
				GCC_PREPROCESSOR_DEFINITIONS = (
					"DEBUG=1",
					"$(inherited)",
				);
				GCC_WARN_64_TO_32_BIT_CONVERSION = YES;
				GCC_WARN_ABOUT_RETURN_TYPE = YES_ERROR;
				GCC_WARN_UNDECLARED_SELECTOR = YES;
				GCC_WARN_UNINITIALIZED_AUTOS = YES_AGGRESSIVE;
				GCC_WARN_UNUSED_FUNCTION = YES;
				GCC_WARN_UNUSED_VARIABLE = YES;
				IPHONEOS_DEPLOYMENT_TARGET = 15.2;
				MTL_ENABLE_DEBUG_INFO = INCLUDE_SOURCE;
				MTL_FAST_MATH = YES;
				ONLY_ACTIVE_ARCH = YES;
				SDKROOT = iphoneos;
				SWIFT_ACTIVE_COMPILATION_CONDITIONS = DEBUG;
				SWIFT_OPTIMIZATION_LEVEL = "-Onone";
			};
			name = Debug;
		};
		3FAD836027DFECB0002A7F79 /* Release */ = {
			isa = XCBuildConfiguration;
			buildSettings = {
				ALWAYS_SEARCH_USER_PATHS = NO;
				CLANG_ANALYZER_NONNULL = YES;
				CLANG_ANALYZER_NUMBER_OBJECT_CONVERSION = YES_AGGRESSIVE;
				CLANG_CXX_LANGUAGE_STANDARD = "gnu++17";
				CLANG_CXX_LIBRARY = "libc++";
				CLANG_ENABLE_MODULES = YES;
				CLANG_ENABLE_OBJC_ARC = YES;
				CLANG_ENABLE_OBJC_WEAK = YES;
				CLANG_WARN_BLOCK_CAPTURE_AUTORELEASING = YES;
				CLANG_WARN_BOOL_CONVERSION = YES;
				CLANG_WARN_COMMA = YES;
				CLANG_WARN_CONSTANT_CONVERSION = YES;
				CLANG_WARN_DEPRECATED_OBJC_IMPLEMENTATIONS = YES;
				CLANG_WARN_DIRECT_OBJC_ISA_USAGE = YES_ERROR;
				CLANG_WARN_DOCUMENTATION_COMMENTS = YES;
				CLANG_WARN_EMPTY_BODY = YES;
				CLANG_WARN_ENUM_CONVERSION = YES;
				CLANG_WARN_INFINITE_RECURSION = YES;
				CLANG_WARN_INT_CONVERSION = YES;
				CLANG_WARN_NON_LITERAL_NULL_CONVERSION = YES;
				CLANG_WARN_OBJC_IMPLICIT_RETAIN_SELF = YES;
				CLANG_WARN_OBJC_LITERAL_CONVERSION = YES;
				CLANG_WARN_OBJC_ROOT_CLASS = YES_ERROR;
				CLANG_WARN_QUOTED_INCLUDE_IN_FRAMEWORK_HEADER = YES;
				CLANG_WARN_RANGE_LOOP_ANALYSIS = YES;
				CLANG_WARN_STRICT_PROTOTYPES = YES;
				CLANG_WARN_SUSPICIOUS_MOVE = YES;
				CLANG_WARN_UNGUARDED_AVAILABILITY = YES_AGGRESSIVE;
				CLANG_WARN_UNREACHABLE_CODE = YES;
				CLANG_WARN__DUPLICATE_METHOD_MATCH = YES;
				COPY_PHASE_STRIP = NO;
				DEBUG_INFORMATION_FORMAT = "dwarf-with-dsym";
				ENABLE_NS_ASSERTIONS = NO;
				ENABLE_STRICT_OBJC_MSGSEND = YES;
				GCC_C_LANGUAGE_STANDARD = gnu11;
				GCC_NO_COMMON_BLOCKS = YES;
				GCC_WARN_64_TO_32_BIT_CONVERSION = YES;
				GCC_WARN_ABOUT_RETURN_TYPE = YES_ERROR;
				GCC_WARN_UNDECLARED_SELECTOR = YES;
				GCC_WARN_UNINITIALIZED_AUTOS = YES_AGGRESSIVE;
				GCC_WARN_UNUSED_FUNCTION = YES;
				GCC_WARN_UNUSED_VARIABLE = YES;
				IPHONEOS_DEPLOYMENT_TARGET = 15.2;
				MTL_ENABLE_DEBUG_INFO = NO;
				MTL_FAST_MATH = YES;
				SDKROOT = iphoneos;
				SWIFT_COMPILATION_MODE = wholemodule;
				SWIFT_OPTIMIZATION_LEVEL = "-O";
				VALIDATE_PRODUCT = YES;
			};
			name = Release;
		};
		3FAD836227DFECB0002A7F79 /* Debug */ = {
			isa = XCBuildConfiguration;
			buildSettings = {
				ASSETCATALOG_COMPILER_APPICON_NAME = AppIcon;
				ASSETCATALOG_COMPILER_GLOBAL_ACCENT_COLOR_NAME = AccentColor;
				CODE_SIGN_STYLE = Automatic;
				CURRENT_PROJECT_VERSION = 1;
				DEVELOPMENT_ASSET_PATHS = "\"JoshanRai-Moonshot/Preview Content\"";
				DEVELOPMENT_TEAM = Y8U2DWH94S;
				ENABLE_PREVIEWS = YES;
				GENERATE_INFOPLIST_FILE = YES;
				INFOPLIST_KEY_UIApplicationSceneManifest_Generation = YES;
				INFOPLIST_KEY_UIApplicationSupportsIndirectInputEvents = YES;
				INFOPLIST_KEY_UILaunchScreen_Generation = YES;
				INFOPLIST_KEY_UISupportedInterfaceOrientations_iPad = "UIInterfaceOrientationPortrait UIInterfaceOrientationPortraitUpsideDown UIInterfaceOrientationLandscapeLeft UIInterfaceOrientationLandscapeRight";
				INFOPLIST_KEY_UISupportedInterfaceOrientations_iPhone = "UIInterfaceOrientationPortrait UIInterfaceOrientationLandscapeLeft UIInterfaceOrientationLandscapeRight";
				LD_RUNPATH_SEARCH_PATHS = (
					"$(inherited)",
					"@executable_path/Frameworks",
				);
				MARKETING_VERSION = 1.4;
				PRODUCT_BUNDLE_IDENTIFIER = "com.jrai.JoshanRai-Moonshot";
				PRODUCT_NAME = "$(TARGET_NAME)";
				SWIFT_EMIT_LOC_STRINGS = YES;
				SWIFT_VERSION = 5.0;
				TARGETED_DEVICE_FAMILY = "1,2";
			};
			name = Debug;
		};
		3FAD836327DFECB0002A7F79 /* Release */ = {
			isa = XCBuildConfiguration;
			buildSettings = {
				ASSETCATALOG_COMPILER_APPICON_NAME = AppIcon;
				ASSETCATALOG_COMPILER_GLOBAL_ACCENT_COLOR_NAME = AccentColor;
				CODE_SIGN_STYLE = Automatic;
				CURRENT_PROJECT_VERSION = 1;
				DEVELOPMENT_ASSET_PATHS = "\"JoshanRai-Moonshot/Preview Content\"";
				DEVELOPMENT_TEAM = Y8U2DWH94S;
				ENABLE_PREVIEWS = YES;
				GENERATE_INFOPLIST_FILE = YES;
				INFOPLIST_KEY_UIApplicationSceneManifest_Generation = YES;
				INFOPLIST_KEY_UIApplicationSupportsIndirectInputEvents = YES;
				INFOPLIST_KEY_UILaunchScreen_Generation = YES;
				INFOPLIST_KEY_UISupportedInterfaceOrientations_iPad = "UIInterfaceOrientationPortrait UIInterfaceOrientationPortraitUpsideDown UIInterfaceOrientationLandscapeLeft UIInterfaceOrientationLandscapeRight";
				INFOPLIST_KEY_UISupportedInterfaceOrientations_iPhone = "UIInterfaceOrientationPortrait UIInterfaceOrientationLandscapeLeft UIInterfaceOrientationLandscapeRight";
				LD_RUNPATH_SEARCH_PATHS = (
					"$(inherited)",
					"@executable_path/Frameworks",
				);
				MARKETING_VERSION = 1.4;
				PRODUCT_BUNDLE_IDENTIFIER = "com.jrai.JoshanRai-Moonshot";
				PRODUCT_NAME = "$(TARGET_NAME)";
				SWIFT_EMIT_LOC_STRINGS = YES;
				SWIFT_VERSION = 5.0;
				TARGETED_DEVICE_FAMILY = "1,2";
			};
			name = Release;
		};
/* End XCBuildConfiguration section */

/* Begin XCConfigurationList section */
		3FAD834E27DFECAF002A7F79 /* Build configuration list for PBXProject "JoshanRai-Moonshot" */ = {
			isa = XCConfigurationList;
			buildConfigurations = (
				3FAD835F27DFECB0002A7F79 /* Debug */,
				3FAD836027DFECB0002A7F79 /* Release */,
			);
			defaultConfigurationIsVisible = 0;
			defaultConfigurationName = Release;
		};
		3FAD836127DFECB0002A7F79 /* Build configuration list for PBXNativeTarget "JoshanRai-Moonshot" */ = {
			isa = XCConfigurationList;
			buildConfigurations = (
				3FAD836227DFECB0002A7F79 /* Debug */,
				3FAD836327DFECB0002A7F79 /* Release */,
			);
			defaultConfigurationIsVisible = 0;
			defaultConfigurationName = Release;
		};
/* End XCConfigurationList section */
	};
	rootObject = 3FAD834B27DFECAF002A7F79 /* Project object */;
}
